<Solution>
  <Folder Name="/services/" />
  <Folder Name="/services/finance-profile-service/" />
  <Folder Name="/services/finance-profile-service/src/">
    <Project Path="services/finance-profile-service/src/FinanceProfile.Api/FinanceProfile.Api.csproj" />
  </Folder>
  <Folder Name="/services/financial-iq-service/" />
  <Folder Name="/services/financial-iq-service/src/">
    <Project Path="services/financial-iq-service/src/FinancialIQ.Api/FinancialIQ.Api.csproj" />
  </Folder>
</Solution>
